
Microsoft Visual Studio Solution File, Format Version 10.00
# Visual Studio 2008
Project("{FAE04EC0-301F-11D3-BF4B-00C04F79EFBC}") = "Timok.Rbr.Server", "..\Server\Timok.Rbr.Server.csproj", "{3B9EE060-C23B-4E35-948C-93D43E6A1F36}"
	ProjectSection(ProjectDependencies) = postProject
		{59ACB5E6-68C0-4440-9299-571A3650E55B} = {59ACB5E6-68C0-4440-9299-571A3650E55B}
	EndProjectSection
EndProject
Project("{FAE04EC0-301F-11D3-BF4B-00C04F79EFBC}") = "Timok.Rbr.WinService", "Timok.Rbr.WinService.csproj", "{186EBF8E-43DC-4AD0-9521-41DB170520D4}"
	ProjectSection(ProjectDependencies) = postProject
		{BA2CB6BA-034A-4D2B-BC60-5BA0B8938845} = {BA2CB6BA-034A-4D2B-BC60-5BA0B8938845}
		{D603CBCF-5765-421D-9A5B-41D58F1936C5} = {D603CBCF-5765-421D-9A5B-41D58F1936C5}
		{59ACB5E6-68C0-4440-9299-571A3650E55B} = {59ACB5E6-68C0-4440-9299-571A3650E55B}
	EndProjectSection
EndProject
Project("{FAE04EC0-301F-11D3-BF4B-00C04F79EFBC}") = "Timok.Rbr.Core", "..\Core\Timok.Rbr.Core.csproj", "{54887176-C2B3-4AE0-9A8C-BF253CBDA74A}"
EndProject
Project("{FAE04EC0-301F-11D3-BF4B-00C04F79EFBC}") = "Timok.Rbr.DAL", "..\DAL\Timok.Rbr.DAL.csproj", "{BA2CB6BA-034A-4D2B-BC60-5BA0B8938845}"
EndProject
Project("{FAE04EC0-301F-11D3-BF4B-00C04F79EFBC}") = "Timok.Rbr.Service", "..\Service\Timok.Rbr.Service.csproj", "{22160C6B-B4E4-4C65-99B7-4585384D1158}"
EndProject
Project("{FAE04EC0-301F-11D3-BF4B-00C04F79EFBC}") = "Timok.Core", "..\..\..\Core\Timok.Core.csproj", "{60553581-F39F-4A4F-B11A-61A9E07A2ED4}"
EndProject
Project("{FAE04EC0-301F-11D3-BF4B-00C04F79EFBC}") = "Timok.IVR.Scripting", "..\..\..\Voip\Scripting\Timok.IVR.Scripting.csproj", "{D603CBCF-5765-421D-9A5B-41D58F1936C5}"
	ProjectSection(ProjectDependencies) = postProject
		{59ACB5E6-68C0-4440-9299-571A3650E55B} = {59ACB5E6-68C0-4440-9299-571A3650E55B}
	EndProjectSection
EndProject
Project("{FAE04EC0-301F-11D3-BF4B-00C04F79EFBC}") = "Timok.Rbr.BLL", "..\BLL\Timok.Rbr.BLL.csproj", "{F90F4378-541D-40C4-9366-B980D163C8AB}"
EndProject
Project("{FAE04EC0-301F-11D3-BF4B-00C04F79EFBC}") = "Timok.Logger", "..\..\..\Logger\Timok.Logger.csproj", "{B45AA208-3EF2-44E2-8A28-75DA26845900}"
EndProject
Project("{FAE04EC0-301F-11D3-BF4B-00C04F79EFBC}") = "Timok.NetworkLib", "..\..\..\NetworkLib\Timok.NetworkLib.csproj", "{69DFF1A8-1DB5-4F7C-B319-3DC1F578BAAD}"
EndProject
Project("{8BC9CEB8-8B4A-11D0-8D11-00A0C91BC942}") = "Timok.IVR", "..\..\..\Voip\Timok.IVR.vcproj", "{59ACB5E6-68C0-4440-9299-571A3650E55B}"
EndProject
Global
	GlobalSection(SolutionConfigurationPlatforms) = preSolution
		Build|Any CPU = Build|Any CPU
		Build|Mixed Platforms = Build|Mixed Platforms
		Build|Win32 = Build|Win32
		Build|x86 = Build|x86
		Debug|Any CPU = Debug|Any CPU
		Debug|Mixed Platforms = Debug|Mixed Platforms
		Debug|Win32 = Debug|Win32
		Debug|x86 = Debug|x86
		Release|Any CPU = Release|Any CPU
		Release|Mixed Platforms = Release|Mixed Platforms
		Release|Win32 = Release|Win32
		Release|x86 = Release|x86
		Test|Any CPU = Test|Any CPU
		Test|Mixed Platforms = Test|Mixed Platforms
		Test|Win32 = Test|Win32
		Test|x86 = Test|x86
	EndGlobalSection
	GlobalSection(ProjectConfigurationPlatforms) = postSolution
		{3B9EE060-C23B-4E35-948C-93D43E6A1F36}.Build|Any CPU.ActiveCfg = Build|Any CPU
		{3B9EE060-C23B-4E35-948C-93D43E6A1F36}.Build|Any CPU.Build.0 = Build|Any CPU
		{3B9EE060-C23B-4E35-948C-93D43E6A1F36}.Build|Mixed Platforms.ActiveCfg = Build|Any CPU
		{3B9EE060-C23B-4E35-948C-93D43E6A1F36}.Build|Mixed Platforms.Build.0 = Build|Any CPU
		{3B9EE060-C23B-4E35-948C-93D43E6A1F36}.Build|Win32.ActiveCfg = Build|Any CPU
		{3B9EE060-C23B-4E35-948C-93D43E6A1F36}.Build|x86.ActiveCfg = Build|Any CPU
		{3B9EE060-C23B-4E35-948C-93D43E6A1F36}.Debug|Any CPU.ActiveCfg = Debug|Any CPU
		{3B9EE060-C23B-4E35-948C-93D43E6A1F36}.Debug|Any CPU.Build.0 = Debug|Any CPU
		{3B9EE060-C23B-4E35-948C-93D43E6A1F36}.Debug|Mixed Platforms.ActiveCfg = Debug|Any CPU
		{3B9EE060-C23B-4E35-948C-93D43E6A1F36}.Debug|Mixed Platforms.Build.0 = Debug|Any CPU
		{3B9EE060-C23B-4E35-948C-93D43E6A1F36}.Debug|Win32.ActiveCfg = Debug|Any CPU
		{3B9EE060-C23B-4E35-948C-93D43E6A1F36}.Debug|Win32.Build.0 = Debug|Any CPU
		{3B9EE060-C23B-4E35-948C-93D43E6A1F36}.Debug|x86.ActiveCfg = Debug|Any CPU
		{3B9EE060-C23B-4E35-948C-93D43E6A1F36}.Debug|x86.Build.0 = Debug|Any CPU
		{3B9EE060-C23B-4E35-948C-93D43E6A1F36}.Release|Any CPU.ActiveCfg = Debug|Any CPU
		{3B9EE060-C23B-4E35-948C-93D43E6A1F36}.Release|Any CPU.Build.0 = Debug|Any CPU
		{3B9EE060-C23B-4E35-948C-93D43E6A1F36}.Release|Mixed Platforms.ActiveCfg = Release|Any CPU
		{3B9EE060-C23B-4E35-948C-93D43E6A1F36}.Release|Mixed Platforms.Build.0 = Release|Any CPU
		{3B9EE060-C23B-4E35-948C-93D43E6A1F36}.Release|Win32.ActiveCfg = Release|Any CPU
		{3B9EE060-C23B-4E35-948C-93D43E6A1F36}.Release|Win32.Build.0 = Release|Any CPU
		{3B9EE060-C23B-4E35-948C-93D43E6A1F36}.Release|x86.ActiveCfg = Release|Any CPU
		{3B9EE060-C23B-4E35-948C-93D43E6A1F36}.Release|x86.Build.0 = Release|Any CPU
		{3B9EE060-C23B-4E35-948C-93D43E6A1F36}.Test|Any CPU.ActiveCfg = Build|Any CPU
		{3B9EE060-C23B-4E35-948C-93D43E6A1F36}.Test|Any CPU.Build.0 = Build|Any CPU
		{3B9EE060-C23B-4E35-948C-93D43E6A1F36}.Test|Mixed Platforms.ActiveCfg = Build|Any CPU
		{3B9EE060-C23B-4E35-948C-93D43E6A1F36}.Test|Mixed Platforms.Build.0 = Build|Any CPU
		{3B9EE060-C23B-4E35-948C-93D43E6A1F36}.Test|Win32.ActiveCfg = Build|Any CPU
		{3B9EE060-C23B-4E35-948C-93D43E6A1F36}.Test|x86.ActiveCfg = Build|Any CPU
		{186EBF8E-43DC-4AD0-9521-41DB170520D4}.Build|Any CPU.ActiveCfg = Release|Any CPU
		{186EBF8E-43DC-4AD0-9521-41DB170520D4}.Build|Any CPU.Build.0 = Release|Any CPU
		{186EBF8E-43DC-4AD0-9521-41DB170520D4}.Build|Mixed Platforms.ActiveCfg = Release|Any CPU
		{186EBF8E-43DC-4AD0-9521-41DB170520D4}.Build|Mixed Platforms.Build.0 = Release|Any CPU
		{186EBF8E-43DC-4AD0-9521-41DB170520D4}.Build|Win32.ActiveCfg = Release|Any CPU
		{186EBF8E-43DC-4AD0-9521-41DB170520D4}.Build|x86.ActiveCfg = Release|Any CPU
		{186EBF8E-43DC-4AD0-9521-41DB170520D4}.Debug|Any CPU.ActiveCfg = Debug|Any CPU
		{186EBF8E-43DC-4AD0-9521-41DB170520D4}.Debug|Any CPU.Build.0 = Debug|Any CPU
		{186EBF8E-43DC-4AD0-9521-41DB170520D4}.Debug|Mixed Platforms.ActiveCfg = Debug|Any CPU
		{186EBF8E-43DC-4AD0-9521-41DB170520D4}.Debug|Mixed Platforms.Build.0 = Debug|Any CPU
		{186EBF8E-43DC-4AD0-9521-41DB170520D4}.Debug|Win32.ActiveCfg = Debug|Any CPU
		{186EBF8E-43DC-4AD0-9521-41DB170520D4}.Debug|Win32.Build.0 = Debug|Any CPU
		{186EBF8E-43DC-4AD0-9521-41DB170520D4}.Debug|x86.ActiveCfg = Debug|Any CPU
		{186EBF8E-43DC-4AD0-9521-41DB170520D4}.Debug|x86.Build.0 = Debug|Any CPU
		{186EBF8E-43DC-4AD0-9521-41DB170520D4}.Release|Any CPU.ActiveCfg = Release|Any CPU
		{186EBF8E-43DC-4AD0-9521-41DB170520D4}.Release|Any CPU.Build.0 = Release|Any CPU
		{186EBF8E-43DC-4AD0-9521-41DB170520D4}.Release|Mixed Platforms.ActiveCfg = Release|Any CPU
		{186EBF8E-43DC-4AD0-9521-41DB170520D4}.Release|Mixed Platforms.Build.0 = Release|Any CPU
		{186EBF8E-43DC-4AD0-9521-41DB170520D4}.Release|Win32.ActiveCfg = Release|Any CPU
		{186EBF8E-43DC-4AD0-9521-41DB170520D4}.Release|Win32.Build.0 = Release|Any CPU
		{186EBF8E-43DC-4AD0-9521-41DB170520D4}.Release|x86.ActiveCfg = Release|Any CPU
		{186EBF8E-43DC-4AD0-9521-41DB170520D4}.Release|x86.Build.0 = Release|Any CPU
		{186EBF8E-43DC-4AD0-9521-41DB170520D4}.Test|Any CPU.ActiveCfg = Release|Any CPU
		{186EBF8E-43DC-4AD0-9521-41DB170520D4}.Test|Any CPU.Build.0 = Release|Any CPU
		{186EBF8E-43DC-4AD0-9521-41DB170520D4}.Test|Mixed Platforms.ActiveCfg = Release|Any CPU
		{186EBF8E-43DC-4AD0-9521-41DB170520D4}.Test|Mixed Platforms.Build.0 = Release|Any CPU
		{186EBF8E-43DC-4AD0-9521-41DB170520D4}.Test|Win32.ActiveCfg = Release|Any CPU
		{186EBF8E-43DC-4AD0-9521-41DB170520D4}.Test|x86.ActiveCfg = Release|Any CPU
		{54887176-C2B3-4AE0-9A8C-BF253CBDA74A}.Build|Any CPU.ActiveCfg = Build|Any CPU
		{54887176-C2B3-4AE0-9A8C-BF253CBDA74A}.Build|Any CPU.Build.0 = Build|Any CPU
		{54887176-C2B3-4AE0-9A8C-BF253CBDA74A}.Build|Mixed Platforms.ActiveCfg = Build|Any CPU
		{54887176-C2B3-4AE0-9A8C-BF253CBDA74A}.Build|Mixed Platforms.Build.0 = Build|Any CPU
		{54887176-C2B3-4AE0-9A8C-BF253CBDA74A}.Build|Win32.ActiveCfg = Build|Any CPU
		{54887176-C2B3-4AE0-9A8C-BF253CBDA74A}.Build|x86.ActiveCfg = Build|Any CPU
		{54887176-C2B3-4AE0-9A8C-BF253CBDA74A}.Debug|Any CPU.ActiveCfg = Debug|Any CPU
		{54887176-C2B3-4AE0-9A8C-BF253CBDA74A}.Debug|Any CPU.Build.0 = Debug|Any CPU
		{54887176-C2B3-4AE0-9A8C-BF253CBDA74A}.Debug|Mixed Platforms.ActiveCfg = Debug|Any CPU
		{54887176-C2B3-4AE0-9A8C-BF253CBDA74A}.Debug|Mixed Platforms.Build.0 = Debug|Any CPU
		{54887176-C2B3-4AE0-9A8C-BF253CBDA74A}.Debug|Win32.ActiveCfg = Debug|Any CPU
		{54887176-C2B3-4AE0-9A8C-BF253CBDA74A}.Debug|Win32.Build.0 = Debug|Any CPU
		{54887176-C2B3-4AE0-9A8C-BF253CBDA74A}.Debug|x86.ActiveCfg = Debug|Any CPU
		{54887176-C2B3-4AE0-9A8C-BF253CBDA74A}.Debug|x86.Build.0 = Debug|Any CPU
		{54887176-C2B3-4AE0-9A8C-BF253CBDA74A}.Release|Any CPU.ActiveCfg = Release|Any CPU
		{54887176-C2B3-4AE0-9A8C-BF253CBDA74A}.Release|Any CPU.Build.0 = Release|Any CPU
		{54887176-C2B3-4AE0-9A8C-BF253CBDA74A}.Release|Mixed Platforms.ActiveCfg = Release|Any CPU
		{54887176-C2B3-4AE0-9A8C-BF253CBDA74A}.Release|Mixed Platforms.Build.0 = Release|Any CPU
		{54887176-C2B3-4AE0-9A8C-BF253CBDA74A}.Release|Win32.ActiveCfg = Release|Any CPU
		{54887176-C2B3-4AE0-9A8C-BF253CBDA74A}.Release|Win32.Build.0 = Release|Any CPU
		{54887176-C2B3-4AE0-9A8C-BF253CBDA74A}.Release|x86.ActiveCfg = Release|Any CPU
		{54887176-C2B3-4AE0-9A8C-BF253CBDA74A}.Release|x86.Build.0 = Release|Any CPU
		{54887176-C2B3-4AE0-9A8C-BF253CBDA74A}.Test|Any CPU.ActiveCfg = Build|Any CPU
		{54887176-C2B3-4AE0-9A8C-BF253CBDA74A}.Test|Any CPU.Build.0 = Build|Any CPU
		{54887176-C2B3-4AE0-9A8C-BF253CBDA74A}.Test|Mixed Platforms.ActiveCfg = Build|Any CPU
		{54887176-C2B3-4AE0-9A8C-BF253CBDA74A}.Test|Mixed Platforms.Build.0 = Build|Any CPU
		{54887176-C2B3-4AE0-9A8C-BF253CBDA74A}.Test|Win32.ActiveCfg = Build|Any CPU
		{54887176-C2B3-4AE0-9A8C-BF253CBDA74A}.Test|x86.ActiveCfg = Build|Any CPU
		{BA2CB6BA-034A-4D2B-BC60-5BA0B8938845}.Build|Any CPU.ActiveCfg = Build|Any CPU
		{BA2CB6BA-034A-4D2B-BC60-5BA0B8938845}.Build|Any CPU.Build.0 = Build|Any CPU
		{BA2CB6BA-034A-4D2B-BC60-5BA0B8938845}.Build|Mixed Platforms.ActiveCfg = Build|Any CPU
		{BA2CB6BA-034A-4D2B-BC60-5BA0B8938845}.Build|Mixed Platforms.Build.0 = Build|Any CPU
		{BA2CB6BA-034A-4D2B-BC60-5BA0B8938845}.Build|Win32.ActiveCfg = Build|Any CPU
		{BA2CB6BA-034A-4D2B-BC60-5BA0B8938845}.Build|x86.ActiveCfg = Build|Any CPU
		{BA2CB6BA-034A-4D2B-BC60-5BA0B8938845}.Debug|Any CPU.ActiveCfg = Debug|Any CPU
		{BA2CB6BA-034A-4D2B-BC60-5BA0B8938845}.Debug|Any CPU.Build.0 = Debug|Any CPU
		{BA2CB6BA-034A-4D2B-BC60-5BA0B8938845}.Debug|Mixed Platforms.ActiveCfg = Debug|Any CPU
		{BA2CB6BA-034A-4D2B-BC60-5BA0B8938845}.Debug|Mixed Platforms.Build.0 = Debug|Any CPU
		{BA2CB6BA-034A-4D2B-BC60-5BA0B8938845}.Debug|Win32.ActiveCfg = Debug|Any CPU
		{BA2CB6BA-034A-4D2B-BC60-5BA0B8938845}.Debug|Win32.Build.0 = Debug|Any CPU
		{BA2CB6BA-034A-4D2B-BC60-5BA0B8938845}.Debug|x86.ActiveCfg = Debug|Any CPU
		{BA2CB6BA-034A-4D2B-BC60-5BA0B8938845}.Debug|x86.Build.0 = Debug|Any CPU
		{BA2CB6BA-034A-4D2B-BC60-5BA0B8938845}.Release|Any CPU.ActiveCfg = Release|Any CPU
		{BA2CB6BA-034A-4D2B-BC60-5BA0B8938845}.Release|Any CPU.Build.0 = Release|Any CPU
		{BA2CB6BA-034A-4D2B-BC60-5BA0B8938845}.Release|Mixed Platforms.ActiveCfg = Release|Any CPU
		{BA2CB6BA-034A-4D2B-BC60-5BA0B8938845}.Release|Mixed Platforms.Build.0 = Release|Any CPU
		{BA2CB6BA-034A-4D2B-BC60-5BA0B8938845}.Release|Win32.ActiveCfg = Release|Any CPU
		{BA2CB6BA-034A-4D2B-BC60-5BA0B8938845}.Release|Win32.Build.0 = Release|Any CPU
		{BA2CB6BA-034A-4D2B-BC60-5BA0B8938845}.Release|x86.ActiveCfg = Release|Any CPU
		{BA2CB6BA-034A-4D2B-BC60-5BA0B8938845}.Release|x86.Build.0 = Release|Any CPU
		{BA2CB6BA-034A-4D2B-BC60-5BA0B8938845}.Test|Any CPU.ActiveCfg = Build|Any CPU
		{BA2CB6BA-034A-4D2B-BC60-5BA0B8938845}.Test|Any CPU.Build.0 = Build|Any CPU
		{BA2CB6BA-034A-4D2B-BC60-5BA0B8938845}.Test|Mixed Platforms.ActiveCfg = Build|Any CPU
		{BA2CB6BA-034A-4D2B-BC60-5BA0B8938845}.Test|Mixed Platforms.Build.0 = Build|Any CPU
		{BA2CB6BA-034A-4D2B-BC60-5BA0B8938845}.Test|Win32.ActiveCfg = Build|Any CPU
		{BA2CB6BA-034A-4D2B-BC60-5BA0B8938845}.Test|x86.ActiveCfg = Build|Any CPU
		{22160C6B-B4E4-4C65-99B7-4585384D1158}.Build|Any CPU.ActiveCfg = Build|Any CPU
		{22160C6B-B4E4-4C65-99B7-4585384D1158}.Build|Any CPU.Build.0 = Build|Any CPU
		{22160C6B-B4E4-4C65-99B7-4585384D1158}.Build|Mixed Platforms.ActiveCfg = Build|Any CPU
		{22160C6B-B4E4-4C65-99B7-4585384D1158}.Build|Mixed Platforms.Build.0 = Build|Any CPU
		{22160C6B-B4E4-4C65-99B7-4585384D1158}.Build|Win32.ActiveCfg = Build|Any CPU
		{22160C6B-B4E4-4C65-99B7-4585384D1158}.Build|x86.ActiveCfg = Build|Any CPU
		{22160C6B-B4E4-4C65-99B7-4585384D1158}.Debug|Any CPU.ActiveCfg = Debug|Any CPU
		{22160C6B-B4E4-4C65-99B7-4585384D1158}.Debug|Any CPU.Build.0 = Debug|Any CPU
		{22160C6B-B4E4-4C65-99B7-4585384D1158}.Debug|Mixed Platforms.ActiveCfg = Debug|Any CPU
		{22160C6B-B4E4-4C65-99B7-4585384D1158}.Debug|Mixed Platforms.Build.0 = Debug|Any CPU
		{22160C6B-B4E4-4C65-99B7-4585384D1158}.Debug|Win32.ActiveCfg = Debug|Any CPU
		{22160C6B-B4E4-4C65-99B7-4585384D1158}.Debug|Win32.Build.0 = Debug|Any CPU
		{22160C6B-B4E4-4C65-99B7-4585384D1158}.Debug|x86.ActiveCfg = Debug|Any CPU
		{22160C6B-B4E4-4C65-99B7-4585384D1158}.Debug|x86.Build.0 = Debug|Any CPU
		{22160C6B-B4E4-4C65-99B7-4585384D1158}.Release|Any CPU.ActiveCfg = Release|Any CPU
		{22160C6B-B4E4-4C65-99B7-4585384D1158}.Release|Any CPU.Build.0 = Release|Any CPU
		{22160C6B-B4E4-4C65-99B7-4585384D1158}.Release|Mixed Platforms.ActiveCfg = Release|Any CPU
		{22160C6B-B4E4-4C65-99B7-4585384D1158}.Release|Mixed Platforms.Build.0 = Release|Any CPU
		{22160C6B-B4E4-4C65-99B7-4585384D1158}.Release|Win32.ActiveCfg = Release|Any CPU
		{22160C6B-B4E4-4C65-99B7-4585384D1158}.Release|Win32.Build.0 = Release|Any CPU
		{22160C6B-B4E4-4C65-99B7-4585384D1158}.Release|x86.ActiveCfg = Release|Any CPU
		{22160C6B-B4E4-4C65-99B7-4585384D1158}.Release|x86.Build.0 = Release|Any CPU
		{22160C6B-B4E4-4C65-99B7-4585384D1158}.Test|Any CPU.ActiveCfg = Build|Any CPU
		{22160C6B-B4E4-4C65-99B7-4585384D1158}.Test|Any CPU.Build.0 = Build|Any CPU
		{22160C6B-B4E4-4C65-99B7-4585384D1158}.Test|Mixed Platforms.ActiveCfg = Build|Any CPU
		{22160C6B-B4E4-4C65-99B7-4585384D1158}.Test|Mixed Platforms.Build.0 = Build|Any CPU
		{22160C6B-B4E4-4C65-99B7-4585384D1158}.Test|Win32.ActiveCfg = Build|Any CPU
		{22160C6B-B4E4-4C65-99B7-4585384D1158}.Test|x86.ActiveCfg = Build|Any CPU
		{60553581-F39F-4A4F-B11A-61A9E07A2ED4}.Build|Any CPU.ActiveCfg = Release|Any CPU
		{60553581-F39F-4A4F-B11A-61A9E07A2ED4}.Build|Any CPU.Build.0 = Release|Any CPU
		{60553581-F39F-4A4F-B11A-61A9E07A2ED4}.Build|Mixed Platforms.ActiveCfg = Release|Any CPU
		{60553581-F39F-4A4F-B11A-61A9E07A2ED4}.Build|Mixed Platforms.Build.0 = Release|Any CPU
		{60553581-F39F-4A4F-B11A-61A9E07A2ED4}.Build|Win32.ActiveCfg = Release|Any CPU
		{60553581-F39F-4A4F-B11A-61A9E07A2ED4}.Build|x86.ActiveCfg = Release|x86
		{60553581-F39F-4A4F-B11A-61A9E07A2ED4}.Build|x86.Build.0 = Release|x86
		{60553581-F39F-4A4F-B11A-61A9E07A2ED4}.Debug|Any CPU.ActiveCfg = Debug|Any CPU
		{60553581-F39F-4A4F-B11A-61A9E07A2ED4}.Debug|Any CPU.Build.0 = Debug|Any CPU
		{60553581-F39F-4A4F-B11A-61A9E07A2ED4}.Debug|Mixed Platforms.ActiveCfg = Debug|Any CPU
		{60553581-F39F-4A4F-B11A-61A9E07A2ED4}.Debug|Mixed Platforms.Build.0 = Debug|Any CPU
		{60553581-F39F-4A4F-B11A-61A9E07A2ED4}.Debug|Win32.ActiveCfg = Debug|Any CPU
		{60553581-F39F-4A4F-B11A-61A9E07A2ED4}.Debug|Win32.Build.0 = Debug|Any CPU
		{60553581-F39F-4A4F-B11A-61A9E07A2ED4}.Debug|x86.ActiveCfg = Debug|Any CPU
		{60553581-F39F-4A4F-B11A-61A9E07A2ED4}.Debug|x86.Build.0 = Debug|Any CPU
		{60553581-F39F-4A4F-B11A-61A9E07A2ED4}.Release|Any CPU.ActiveCfg = Release|Any CPU
		{60553581-F39F-4A4F-B11A-61A9E07A2ED4}.Release|Any CPU.Build.0 = Release|Any CPU
		{60553581-F39F-4A4F-B11A-61A9E07A2ED4}.Release|Mixed Platforms.ActiveCfg = Release|Any CPU
		{60553581-F39F-4A4F-B11A-61A9E07A2ED4}.Release|Mixed Platforms.Build.0 = Release|Any CPU
		{60553581-F39F-4A4F-B11A-61A9E07A2ED4}.Release|Win32.ActiveCfg = Release|Any CPU
		{60553581-F39F-4A4F-B11A-61A9E07A2ED4}.Release|Win32.Build.0 = Release|Any CPU
		{60553581-F39F-4A4F-B11A-61A9E07A2ED4}.Release|x86.ActiveCfg = Release|x86
		{60553581-F39F-4A4F-B11A-61A9E07A2ED4}.Release|x86.Build.0 = Release|x86
		{60553581-F39F-4A4F-B11A-61A9E07A2ED4}.Test|Any CPU.ActiveCfg = Release|Any CPU
		{60553581-F39F-4A4F-B11A-61A9E07A2ED4}.Test|Any CPU.Build.0 = Release|Any CPU
		{60553581-F39F-4A4F-B11A-61A9E07A2ED4}.Test|Mixed Platforms.ActiveCfg = Release|Any CPU
		{60553581-F39F-4A4F-B11A-61A9E07A2ED4}.Test|Mixed Platforms.Build.0 = Release|Any CPU
		{60553581-F39F-4A4F-B11A-61A9E07A2ED4}.Test|Win32.ActiveCfg = Release|Any CPU
		{60553581-F39F-4A4F-B11A-61A9E07A2ED4}.Test|x86.ActiveCfg = Release|x86
		{60553581-F39F-4A4F-B11A-61A9E07A2ED4}.Test|x86.Build.0 = Release|x86
		{D603CBCF-5765-421D-9A5B-41D58F1936C5}.Build|Any CPU.ActiveCfg = Release|Any CPU
		{D603CBCF-5765-421D-9A5B-41D58F1936C5}.Build|Any CPU.Build.0 = Release|Any CPU
		{D603CBCF-5765-421D-9A5B-41D58F1936C5}.Build|Mixed Platforms.ActiveCfg = Release|Any CPU
		{D603CBCF-5765-421D-9A5B-41D58F1936C5}.Build|Mixed Platforms.Build.0 = Release|Any CPU
		{D603CBCF-5765-421D-9A5B-41D58F1936C5}.Build|Win32.ActiveCfg = Release|Any CPU
		{D603CBCF-5765-421D-9A5B-41D58F1936C5}.Build|x86.ActiveCfg = Release|Any CPU
		{D603CBCF-5765-421D-9A5B-41D58F1936C5}.Debug|Any CPU.ActiveCfg = Debug|Any CPU
		{D603CBCF-5765-421D-9A5B-41D58F1936C5}.Debug|Any CPU.Build.0 = Debug|Any CPU
		{D603CBCF-5765-421D-9A5B-41D58F1936C5}.Debug|Mixed Platforms.ActiveCfg = Debug|Any CPU
		{D603CBCF-5765-421D-9A5B-41D58F1936C5}.Debug|Mixed Platforms.Build.0 = Debug|Any CPU
		{D603CBCF-5765-421D-9A5B-41D58F1936C5}.Debug|Win32.ActiveCfg = Debug|Any CPU
		{D603CBCF-5765-421D-9A5B-41D58F1936C5}.Debug|Win32.Build.0 = Debug|Any CPU
		{D603CBCF-5765-421D-9A5B-41D58F1936C5}.Debug|x86.ActiveCfg = Debug|Any CPU
		{D603CBCF-5765-421D-9A5B-41D58F1936C5}.Debug|x86.Build.0 = Debug|Any CPU
		{D603CBCF-5765-421D-9A5B-41D58F1936C5}.Release|Any CPU.ActiveCfg = Release|Any CPU
		{D603CBCF-5765-421D-9A5B-41D58F1936C5}.Release|Any CPU.Build.0 = Release|Any CPU
		{D603CBCF-5765-421D-9A5B-41D58F1936C5}.Release|Mixed Platforms.ActiveCfg = Release|Any CPU
		{D603CBCF-5765-421D-9A5B-41D58F1936C5}.Release|Mixed Platforms.Build.0 = Release|Any CPU
		{D603CBCF-5765-421D-9A5B-41D58F1936C5}.Release|Win32.ActiveCfg = Release|Any CPU
		{D603CBCF-5765-421D-9A5B-41D58F1936C5}.Release|Win32.Build.0 = Release|Any CPU
		{D603CBCF-5765-421D-9A5B-41D58F1936C5}.Release|x86.ActiveCfg = Release|Any CPU
		{D603CBCF-5765-421D-9A5B-41D58F1936C5}.Release|x86.Build.0 = Release|Any CPU
		{D603CBCF-5765-421D-9A5B-41D58F1936C5}.Test|Any CPU.ActiveCfg = Release|Any CPU
		{D603CBCF-5765-421D-9A5B-41D58F1936C5}.Test|Any CPU.Build.0 = Release|Any CPU
		{D603CBCF-5765-421D-9A5B-41D58F1936C5}.Test|Mixed Platforms.ActiveCfg = Release|Any CPU
		{D603CBCF-5765-421D-9A5B-41D58F1936C5}.Test|Mixed Platforms.Build.0 = Release|Any CPU
		{D603CBCF-5765-421D-9A5B-41D58F1936C5}.Test|Win32.ActiveCfg = Release|Any CPU
		{D603CBCF-5765-421D-9A5B-41D58F1936C5}.Test|x86.ActiveCfg = Release|Any CPU
		{F90F4378-541D-40C4-9366-B980D163C8AB}.Build|Any CPU.ActiveCfg = Release|Any CPU
		{F90F4378-541D-40C4-9366-B980D163C8AB}.Build|Any CPU.Build.0 = Release|Any CPU
		{F90F4378-541D-40C4-9366-B980D163C8AB}.Build|Mixed Platforms.ActiveCfg = Release|Any CPU
		{F90F4378-541D-40C4-9366-B980D163C8AB}.Build|Mixed Platforms.Build.0 = Release|Any CPU
		{F90F4378-541D-40C4-9366-B980D163C8AB}.Build|Win32.ActiveCfg = Release|Any CPU
		{F90F4378-541D-40C4-9366-B980D163C8AB}.Build|x86.ActiveCfg = Release|Any CPU
		{F90F4378-541D-40C4-9366-B980D163C8AB}.Debug|Any CPU.ActiveCfg = Debug|Any CPU
		{F90F4378-541D-40C4-9366-B980D163C8AB}.Debug|Any CPU.Build.0 = Debug|Any CPU
		{F90F4378-541D-40C4-9366-B980D163C8AB}.Debug|Mixed Platforms.ActiveCfg = Debug|Any CPU
		{F90F4378-541D-40C4-9366-B980D163C8AB}.Debug|Mixed Platforms.Build.0 = Debug|Any CPU
		{F90F4378-541D-40C4-9366-B980D163C8AB}.Debug|Win32.ActiveCfg = Debug|Any CPU
		{F90F4378-541D-40C4-9366-B980D163C8AB}.Debug|x86.ActiveCfg = Debug|Any CPU
		{F90F4378-541D-40C4-9366-B980D163C8AB}.Release|Any CPU.ActiveCfg = Release|Any CPU
		{F90F4378-541D-40C4-9366-B980D163C8AB}.Release|Any CPU.Build.0 = Release|Any CPU
		{F90F4378-541D-40C4-9366-B980D163C8AB}.Release|Mixed Platforms.ActiveCfg = Release|Any CPU
		{F90F4378-541D-40C4-9366-B980D163C8AB}.Release|Mixed Platforms.Build.0 = Release|Any CPU
		{F90F4378-541D-40C4-9366-B980D163C8AB}.Release|Win32.ActiveCfg = Release|Any CPU
		{F90F4378-541D-40C4-9366-B980D163C8AB}.Release|x86.ActiveCfg = Release|Any CPU
		{F90F4378-541D-40C4-9366-B980D163C8AB}.Test|Any CPU.ActiveCfg = Release|Any CPU
		{F90F4378-541D-40C4-9366-B980D163C8AB}.Test|Any CPU.Build.0 = Release|Any CPU
		{F90F4378-541D-40C4-9366-B980D163C8AB}.Test|Mixed Platforms.ActiveCfg = Release|Any CPU
		{F90F4378-541D-40C4-9366-B980D163C8AB}.Test|Mixed Platforms.Build.0 = Release|Any CPU
		{F90F4378-541D-40C4-9366-B980D163C8AB}.Test|Win32.ActiveCfg = Release|Any CPU
		{F90F4378-541D-40C4-9366-B980D163C8AB}.Test|x86.ActiveCfg = Release|Any CPU
		{B45AA208-3EF2-44E2-8A28-75DA26845900}.Build|Any CPU.ActiveCfg = Release|Any CPU
		{B45AA208-3EF2-44E2-8A28-75DA26845900}.Build|Any CPU.Build.0 = Release|Any CPU
		{B45AA208-3EF2-44E2-8A28-75DA26845900}.Build|Mixed Platforms.ActiveCfg = Release|Any CPU
		{B45AA208-3EF2-44E2-8A28-75DA26845900}.Build|Mixed Platforms.Build.0 = Release|Any CPU
		{B45AA208-3EF2-44E2-8A28-75DA26845900}.Build|Win32.ActiveCfg = Release|Any CPU
		{B45AA208-3EF2-44E2-8A28-75DA26845900}.Build|x86.ActiveCfg = Release|Any CPU
		{B45AA208-3EF2-44E2-8A28-75DA26845900}.Debug|Any CPU.ActiveCfg = Debug|Any CPU
		{B45AA208-3EF2-44E2-8A28-75DA26845900}.Debug|Any CPU.Build.0 = Debug|Any CPU
		{B45AA208-3EF2-44E2-8A28-75DA26845900}.Debug|Mixed Platforms.ActiveCfg = Debug|Any CPU
		{B45AA208-3EF2-44E2-8A28-75DA26845900}.Debug|Mixed Platforms.Build.0 = Debug|Any CPU
		{B45AA208-3EF2-44E2-8A28-75DA26845900}.Debug|Win32.ActiveCfg = Debug|Any CPU
		{B45AA208-3EF2-44E2-8A28-75DA26845900}.Debug|x86.ActiveCfg = Debug|Any CPU
		{B45AA208-3EF2-44E2-8A28-75DA26845900}.Release|Any CPU.ActiveCfg = Release|Any CPU
		{B45AA208-3EF2-44E2-8A28-75DA26845900}.Release|Any CPU.Build.0 = Release|Any CPU
		{B45AA208-3EF2-44E2-8A28-75DA26845900}.Release|Mixed Platforms.ActiveCfg = Release|Any CPU
		{B45AA208-3EF2-44E2-8A28-75DA26845900}.Release|Mixed Platforms.Build.0 = Release|Any CPU
		{B45AA208-3EF2-44E2-8A28-75DA26845900}.Release|Win32.ActiveCfg = Release|Any CPU
		{B45AA208-3EF2-44E2-8A28-75DA26845900}.Release|x86.ActiveCfg = Release|Any CPU
		{B45AA208-3EF2-44E2-8A28-75DA26845900}.Test|Any CPU.ActiveCfg = Release|Any CPU
		{B45AA208-3EF2-44E2-8A28-75DA26845900}.Test|Any CPU.Build.0 = Release|Any CPU
		{B45AA208-3EF2-44E2-8A28-75DA26845900}.Test|Mixed Platforms.ActiveCfg = Release|Any CPU
		{B45AA208-3EF2-44E2-8A28-75DA26845900}.Test|Mixed Platforms.Build.0 = Release|Any CPU
		{B45AA208-3EF2-44E2-8A28-75DA26845900}.Test|Win32.ActiveCfg = Release|Any CPU
		{B45AA208-3EF2-44E2-8A28-75DA26845900}.Test|x86.ActiveCfg = Release|Any CPU
		{69DFF1A8-1DB5-4F7C-B319-3DC1F578BAAD}.Build|Any CPU.ActiveCfg = Release|Any CPU
		{69DFF1A8-1DB5-4F7C-B319-3DC1F578BAAD}.Build|Any CPU.Build.0 = Release|Any CPU
		{69DFF1A8-1DB5-4F7C-B319-3DC1F578BAAD}.Build|Mixed Platforms.ActiveCfg = Release|Any CPU
		{69DFF1A8-1DB5-4F7C-B319-3DC1F578BAAD}.Build|Mixed Platforms.Build.0 = Release|Any CPU
		{69DFF1A8-1DB5-4F7C-B319-3DC1F578BAAD}.Build|Win32.ActiveCfg = Release|Any CPU
		{69DFF1A8-1DB5-4F7C-B319-3DC1F578BAAD}.Build|x86.ActiveCfg = Release|Any CPU
		{69DFF1A8-1DB5-4F7C-B319-3DC1F578BAAD}.Debug|Any CPU.ActiveCfg = Debug|Any CPU
		{69DFF1A8-1DB5-4F7C-B319-3DC1F578BAAD}.Debug|Any CPU.Build.0 = Debug|Any CPU
		{69DFF1A8-1DB5-4F7C-B319-3DC1F578BAAD}.Debug|Mixed Platforms.ActiveCfg = Debug|Any CPU
		{69DFF1A8-1DB5-4F7C-B319-3DC1F578BAAD}.Debug|Mixed Platforms.Build.0 = Debug|Any CPU
		{69DFF1A8-1DB5-4F7C-B319-3DC1F578BAAD}.Debug|Win32.ActiveCfg = Debug|Any CPU
		{69DFF1A8-1DB5-4F7C-B319-3DC1F578BAAD}.Debug|x86.ActiveCfg = Debug|Any CPU
		{69DFF1A8-1DB5-4F7C-B319-3DC1F578BAAD}.Release|Any CPU.ActiveCfg = Release|Any CPU
		{69DFF1A8-1DB5-4F7C-B319-3DC1F578BAAD}.Release|Any CPU.Build.0 = Release|Any CPU
		{69DFF1A8-1DB5-4F7C-B319-3DC1F578BAAD}.Release|Mixed Platforms.ActiveCfg = Release|Any CPU
		{69DFF1A8-1DB5-4F7C-B319-3DC1F578BAAD}.Release|Mixed Platforms.Build.0 = Release|Any CPU
		{69DFF1A8-1DB5-4F7C-B319-3DC1F578BAAD}.Release|Win32.ActiveCfg = Release|Any CPU
		{69DFF1A8-1DB5-4F7C-B319-3DC1F578BAAD}.Release|x86.ActiveCfg = Release|Any CPU
		{69DFF1A8-1DB5-4F7C-B319-3DC1F578BAAD}.Test|Any CPU.ActiveCfg = Release|Any CPU
		{69DFF1A8-1DB5-4F7C-B319-3DC1F578BAAD}.Test|Any CPU.Build.0 = Release|Any CPU
		{69DFF1A8-1DB5-4F7C-B319-3DC1F578BAAD}.Test|Mixed Platforms.ActiveCfg = Release|Any CPU
		{69DFF1A8-1DB5-4F7C-B319-3DC1F578BAAD}.Test|Mixed Platforms.Build.0 = Release|Any CPU
		{69DFF1A8-1DB5-4F7C-B319-3DC1F578BAAD}.Test|Win32.ActiveCfg = Release|Any CPU
		{69DFF1A8-1DB5-4F7C-B319-3DC1F578BAAD}.Test|x86.ActiveCfg = Release|Any CPU
		{59ACB5E6-68C0-4440-9299-571A3650E55B}.Build|Any CPU.ActiveCfg = Test|Win32
		{59ACB5E6-68C0-4440-9299-571A3650E55B}.Build|Mixed Platforms.ActiveCfg = Test|Win32
		{59ACB5E6-68C0-4440-9299-571A3650E55B}.Build|Mixed Platforms.Build.0 = Test|Win32
		{59ACB5E6-68C0-4440-9299-571A3650E55B}.Build|Win32.ActiveCfg = Test|Win32
		{59ACB5E6-68C0-4440-9299-571A3650E55B}.Build|Win32.Build.0 = Test|Win32
		{59ACB5E6-68C0-4440-9299-571A3650E55B}.Build|x86.ActiveCfg = Test|Win32
		{59ACB5E6-68C0-4440-9299-571A3650E55B}.Debug|Any CPU.ActiveCfg = Debug|Win32
		{59ACB5E6-68C0-4440-9299-571A3650E55B}.Debug|Mixed Platforms.ActiveCfg = Debug|Win32
		{59ACB5E6-68C0-4440-9299-571A3650E55B}.Debug|Mixed Platforms.Build.0 = Debug|Win32
		{59ACB5E6-68C0-4440-9299-571A3650E55B}.Debug|Win32.ActiveCfg = Debug|Win32
		{59ACB5E6-68C0-4440-9299-571A3650E55B}.Debug|Win32.Build.0 = Debug|Win32
		{59ACB5E6-68C0-4440-9299-571A3650E55B}.Debug|x86.ActiveCfg = Debug|Win32
		{59ACB5E6-68C0-4440-9299-571A3650E55B}.Release|Any CPU.ActiveCfg = Release|Win32
		{59ACB5E6-68C0-4440-9299-571A3650E55B}.Release|Mixed Platforms.ActiveCfg = Release|Win32
		{59ACB5E6-68C0-4440-9299-571A3650E55B}.Release|Mixed Platforms.Build.0 = Release|Win32
		{59ACB5E6-68C0-4440-9299-571A3650E55B}.Release|Win32.ActiveCfg = Release|Win32
		{59ACB5E6-68C0-4440-9299-571A3650E55B}.Release|Win32.Build.0 = Release|Win32
		{59ACB5E6-68C0-4440-9299-571A3650E55B}.Release|x86.ActiveCfg = Release|Win32
		{59ACB5E6-68C0-4440-9299-571A3650E55B}.Test|Any CPU.ActiveCfg = Test|Win32
		{59ACB5E6-68C0-4440-9299-571A3650E55B}.Test|Mixed Platforms.ActiveCfg = Test|Win32
		{59ACB5E6-68C0-4440-9299-571A3650E55B}.Test|Mixed Platforms.Build.0 = Test|Win32
		{59ACB5E6-68C0-4440-9299-571A3650E55B}.Test|Win32.ActiveCfg = Test|Win32
		{59ACB5E6-68C0-4440-9299-571A3650E55B}.Test|Win32.Build.0 = Test|Win32
		{59ACB5E6-68C0-4440-9299-571A3650E55B}.Test|x86.ActiveCfg = Test|Win32
	EndGlobalSection
	GlobalSection(SolutionProperties) = preSolution
		HideSolutionNode = FALSE
	EndGlobalSection
EndGlobal
