
Microsoft Visual Studio Solution File, Format Version 10.00
# Visual Studio 2008
Project("{FAE04EC0-301F-11D3-BF4B-00C04F79EFBC}") = "Timok.Rbr.Core", "..\Core\Timok.Rbr.Core.csproj", "{54887176-C2B3-4AE0-9A8C-BF253CBDA74A}"
EndProject
Project("{FAE04EC0-301F-11D3-BF4B-00C04F79EFBC}") = "Timok.Rbr.DAL", "..\DAL\Timok.Rbr.DAL.csproj", "{BA2CB6BA-034A-4D2B-BC60-5BA0B8938845}"
EndProject
Project("{FAE04EC0-301F-11D3-BF4B-00C04F79EFBC}") = "Timok.Rbr.ReplicationWinService", "Timok.Rbr.ReplicationWinService.csproj", "{186EBF8E-43DC-4AD0-9521-41DB170520D4}"
EndProject
Project("{FAE04EC0-301F-11D3-BF4B-00C04F79EFBC}") = "Timok.Rbr.BLL", "..\BLL\Timok.Rbr.BLL.csproj", "{F90F4378-541D-40C4-9366-B980D163C8AB}"
EndProject
Project("{FAE04EC0-301F-11D3-BF4B-00C04F79EFBC}") = "Timok.Core", "..\..\..\Core\Timok.Core.csproj", "{60553581-F39F-4A4F-B11A-61A9E07A2ED4}"
EndProject
Project("{FAE04EC0-301F-11D3-BF4B-00C04F79EFBC}") = "Timok.Logger", "..\..\..\Logger\Timok.Logger.csproj", "{B45AA208-3EF2-44E2-8A28-75DA26845900}"
EndProject
Project("{FAE04EC0-301F-11D3-BF4B-00C04F79EFBC}") = "Timok.NetworkLib", "..\..\..\NetworkLib\Timok.NetworkLib.csproj", "{69DFF1A8-1DB5-4F7C-B319-3DC1F578BAAD}"
EndProject
Global
	GlobalSection(SolutionConfigurationPlatforms) = preSolution
		Build|Any CPU = Build|Any CPU
		Debug|Any CPU = Debug|Any CPU
		Release|Any CPU = Release|Any CPU
	EndGlobalSection
	GlobalSection(ProjectConfigurationPlatforms) = postSolution
		{54887176-C2B3-4AE0-9A8C-BF253CBDA74A}.Build|Any CPU.ActiveCfg = Build|Any CPU
		{54887176-C2B3-4AE0-9A8C-BF253CBDA74A}.Build|Any CPU.Build.0 = Build|Any CPU
		{54887176-C2B3-4AE0-9A8C-BF253CBDA74A}.Debug|Any CPU.ActiveCfg = Debug|Any CPU
		{54887176-C2B3-4AE0-9A8C-BF253CBDA74A}.Debug|Any CPU.Build.0 = Debug|Any CPU
		{54887176-C2B3-4AE0-9A8C-BF253CBDA74A}.Release|Any CPU.ActiveCfg = Release|Any CPU
		{54887176-C2B3-4AE0-9A8C-BF253CBDA74A}.Release|Any CPU.Build.0 = Release|Any CPU
		{BA2CB6BA-034A-4D2B-BC60-5BA0B8938845}.Build|Any CPU.ActiveCfg = Build|Any CPU
		{BA2CB6BA-034A-4D2B-BC60-5BA0B8938845}.Build|Any CPU.Build.0 = Build|Any CPU
		{BA2CB6BA-034A-4D2B-BC60-5BA0B8938845}.Debug|Any CPU.ActiveCfg = Debug|Any CPU
		{BA2CB6BA-034A-4D2B-BC60-5BA0B8938845}.Debug|Any CPU.Build.0 = Debug|Any CPU
		{BA2CB6BA-034A-4D2B-BC60-5BA0B8938845}.Release|Any CPU.ActiveCfg = Release|Any CPU
		{BA2CB6BA-034A-4D2B-BC60-5BA0B8938845}.Release|Any CPU.Build.0 = Release|Any CPU
		{186EBF8E-43DC-4AD0-9521-41DB170520D4}.Build|Any CPU.ActiveCfg = Release|Any CPU
		{186EBF8E-43DC-4AD0-9521-41DB170520D4}.Build|Any CPU.Build.0 = Release|Any CPU
		{186EBF8E-43DC-4AD0-9521-41DB170520D4}.Debug|Any CPU.ActiveCfg = Debug|Any CPU
		{186EBF8E-43DC-4AD0-9521-41DB170520D4}.Debug|Any CPU.Build.0 = Debug|Any CPU
		{186EBF8E-43DC-4AD0-9521-41DB170520D4}.Release|Any CPU.ActiveCfg = Release|Any CPU
		{186EBF8E-43DC-4AD0-9521-41DB170520D4}.Release|Any CPU.Build.0 = Release|Any CPU
		{F90F4378-541D-40C4-9366-B980D163C8AB}.Build|Any CPU.ActiveCfg = Release|Any CPU
		{F90F4378-541D-40C4-9366-B980D163C8AB}.Build|Any CPU.Build.0 = Release|Any CPU
		{F90F4378-541D-40C4-9366-B980D163C8AB}.Debug|Any CPU.ActiveCfg = Debug|Any CPU
		{F90F4378-541D-40C4-9366-B980D163C8AB}.Debug|Any CPU.Build.0 = Debug|Any CPU
		{F90F4378-541D-40C4-9366-B980D163C8AB}.Release|Any CPU.ActiveCfg = Release|Any CPU
		{F90F4378-541D-40C4-9366-B980D163C8AB}.Release|Any CPU.Build.0 = Release|Any CPU
		{60553581-F39F-4A4F-B11A-61A9E07A2ED4}.Build|Any CPU.ActiveCfg = Release|Any CPU
		{60553581-F39F-4A4F-B11A-61A9E07A2ED4}.Build|Any CPU.Build.0 = Release|Any CPU
		{60553581-F39F-4A4F-B11A-61A9E07A2ED4}.Debug|Any CPU.ActiveCfg = Debug|Any CPU
		{60553581-F39F-4A4F-B11A-61A9E07A2ED4}.Debug|Any CPU.Build.0 = Debug|Any CPU
		{60553581-F39F-4A4F-B11A-61A9E07A2ED4}.Release|Any CPU.ActiveCfg = Release|Any CPU
		{60553581-F39F-4A4F-B11A-61A9E07A2ED4}.Release|Any CPU.Build.0 = Release|Any CPU
		{B45AA208-3EF2-44E2-8A28-75DA26845900}.Build|Any CPU.ActiveCfg = Release|Any CPU
		{B45AA208-3EF2-44E2-8A28-75DA26845900}.Build|Any CPU.Build.0 = Release|Any CPU
		{B45AA208-3EF2-44E2-8A28-75DA26845900}.Debug|Any CPU.ActiveCfg = Debug|Any CPU
		{B45AA208-3EF2-44E2-8A28-75DA26845900}.Debug|Any CPU.Build.0 = Debug|Any CPU
		{B45AA208-3EF2-44E2-8A28-75DA26845900}.Release|Any CPU.ActiveCfg = Release|Any CPU
		{B45AA208-3EF2-44E2-8A28-75DA26845900}.Release|Any CPU.Build.0 = Release|Any CPU
		{69DFF1A8-1DB5-4F7C-B319-3DC1F578BAAD}.Build|Any CPU.ActiveCfg = Release|Any CPU
		{69DFF1A8-1DB5-4F7C-B319-3DC1F578BAAD}.Build|Any CPU.Build.0 = Release|Any CPU
		{69DFF1A8-1DB5-4F7C-B319-3DC1F578BAAD}.Debug|Any CPU.ActiveCfg = Debug|Any CPU
		{69DFF1A8-1DB5-4F7C-B319-3DC1F578BAAD}.Debug|Any CPU.Build.0 = Debug|Any CPU
		{69DFF1A8-1DB5-4F7C-B319-3DC1F578BAAD}.Release|Any CPU.ActiveCfg = Release|Any CPU
		{69DFF1A8-1DB5-4F7C-B319-3DC1F578BAAD}.Release|Any CPU.Build.0 = Release|Any CPU
	EndGlobalSection
	GlobalSection(SolutionProperties) = preSolution
		HideSolutionNode = FALSE
	EndGlobalSection
EndGlobal
