
Microsoft Visual Studio Solution File, Format Version 10.00
# Visual Studio 2008
Project("{FAE04EC0-301F-11D3-BF4B-00C04F79EFBC}") = "Timok.Logger", "Timok.Logger.csproj", "{B45AA208-3EF2-44E2-8A28-75DA26845900}"
EndProject
Global
	GlobalSection(SolutionConfigurationPlatforms) = preSolution
		Debug|Any CPU = Debug|Any CPU
		Debug|x86 = Debug|x86
		Release|Any CPU = Release|Any CPU
		Release|x86 = Release|x86
	EndGlobalSection
	GlobalSection(ProjectConfigurationPlatforms) = postSolution
		{B45AA208-3EF2-44E2-8A28-75DA26845900}.Debug|Any CPU.ActiveCfg = Debug|Any CPU
		{B45AA208-3EF2-44E2-8A28-75DA26845900}.Debug|Any CPU.Build.0 = Debug|Any CPU
		{B45AA208-3EF2-44E2-8A28-75DA26845900}.Debug|x86.ActiveCfg = Debug|Any CPU
		{B45AA208-3EF2-44E2-8A28-75DA26845900}.Release|Any CPU.ActiveCfg = Release|Any CPU
		{B45AA208-3EF2-44E2-8A28-75DA26845900}.Release|Any CPU.Build.0 = Release|Any CPU
		{B45AA208-3EF2-44E2-8A28-75DA26845900}.Release|x86.ActiveCfg = Release|Any CPU
	EndGlobalSection
	GlobalSection(SolutionProperties) = preSolution
		HideSolutionNode = FALSE
	EndGlobalSection
EndGlobal
